version = 1
revision = 3
requires-python = ">=3.12"

[[package]]
name = "dz-catalog-analysis-arutiunian-m26-555"
version = "0.1.0"
source = { virtual = "." }

[package.dev-dependencies]
dev = [
    { name = "ruff" },
]

[package.metadata]

[package.metadata.requires-dev]
dev = [{ name = "ruff" }]

[[package]]
name = "ruff"
version = "0.16.7"
source = { registry = "https://pypi.org/simple" }
